// !$*UTF8*$!
{
	archiveVersion = 1;
	classes = {
	};
	objectVersion = 48;
	objects = {

/* Begin PBXBuildFile section */
		49840B9AF364089E5AC56A93 /* Pods_taxi_app_taxi_end_point.framework in Frameworks */ = {isa = PBXBuildFile; fileRef = 25712CA63EC9FF230773AFDF /* Pods_taxi_app_taxi_end_point.framework */; };
		D217CBA21F94006100BBBE82 /* Services.swift in Sources */ = {isa = PBXBuildFile; fileRef = D217CBA11F94006100BBBE82 /* Services.swift */; };
		D290C03A1F92C039002BEEB6 /* AppDelegate.swift in Sources */ = {isa = PBXBuildFile; fileRef = D290C0391F92C039002BEEB6 /* AppDelegate.swift */; };
		D290C0411F92C039002BEEB6 /* Assets.xcassets in Resources */ = {isa = PBXBuildFile; fileRef = D290C0401F92C039002BEEB6 /* Assets.xcassets */; };
		D290C0701F92C581002BEEB6 /* Login.storyboard in Resources */ = {isa = PBXBuildFile; fileRef = D290C06C1F92C327002BEEB6 /* Login.storyboard */; };
		D290C0711F92C593002BEEB6 /* Register.storyboard in Resources */ = {isa = PBXBuildFile; fileRef = D290C06D1F92C327002BEEB6 /* Register.storyboard */; };
		D290C0721F92C59B002BEEB6 /* Launcher.storyboard in Resources */ = {isa = PBXBuildFile; fileRef = D290C06B1F92C327002BEEB6 /* Launcher.storyboard */; };
		D290C0731F92C59E002BEEB6 /* Home.storyboard in Resources */ = {isa = PBXBuildFile; fileRef = D290C06A1F92C327002BEEB6 /* Home.storyboard */; };
		D2B865B11F9405FE00A2A7F2 /* LoginViewController.swift in Sources */ = {isa = PBXBuildFile; fileRef = D290C0661F92C327002BEEB6 /* LoginViewController.swift */; };
		D2B865B21F94060200A2A7F2 /* RegisterViewController.swift in Sources */ = {isa = PBXBuildFile; fileRef = D290C0681F92C327002BEEB6 /* RegisterViewController.swift */; };
		D2B865B31F94060600A2A7F2 /* HomeViewController.swift in Sources */ = {isa = PBXBuildFile; fileRef = D290C0641F92C327002BEEB6 /* HomeViewController.swift */; };
		D2B865B51F94083700A2A7F2 /* TypeOfUser.swift in Sources */ = {isa = PBXBuildFile; fileRef = D2B865B41F94083700A2A7F2 /* TypeOfUser.swift */; };
		D2B865B71F9425C700A2A7F2 /* Session.swift in Sources */ = {isa = PBXBuildFile; fileRef = D2B865B61F9425C700A2A7F2 /* Session.swift */; };
		D2B865B91F9425E800A2A7F2 /* Taxi.swift in Sources */ = {isa = PBXBuildFile; fileRef = D2B865B81F9425E800A2A7F2 /* Taxi.swift */; };
		D2E56ECF1F9C13B0007A2598 /* SocketClient.swift in Sources */ = {isa = PBXBuildFile; fileRef = D2E56ECE1F9C13B0007A2598 /* SocketClient.swift */; };
		D2E56ED11F9D700D007A2598 /* ConnectionStatus.swift in Sources */ = {isa = PBXBuildFile; fileRef = D2E56ED01F9D700D007A2598 /* ConnectionStatus.swift */; };
		D2E56ED31F9D7832007A2598 /* CoreLocation.framework in Frameworks */ = {isa = PBXBuildFile; fileRef = D2E56ED21F9D7832007A2598 /* CoreLocation.framework */; };
/* End PBXBuildFile section */

/* Begin PBXFileReference section */
		25712CA63EC9FF230773AFDF /* Pods_taxi_app_taxi_end_point.framework */ = {isa = PBXFileReference; explicitFileType = wrapper.framework; includeInIndex = 0; path = Pods_taxi_app_taxi_end_point.framework; sourceTree = BUILT_PRODUCTS_DIR; };
		98C8E161E5C4A4EA5DEF482B /* Pods-taxi-app-taxi-end-point.release.xcconfig */ = {isa = PBXFileReference; includeInIndex = 1; lastKnownFileType = text.xcconfig; name = "Pods-taxi-app-taxi-end-point.release.xcconfig"; path = "Pods/Target Support Files/Pods-taxi-app-taxi-end-point/Pods-taxi-app-taxi-end-point.release.xcconfig"; sourceTree = "<group>"; };
		AEEBD02B86846543F8654E2F /* Pods-taxi-app-taxi-end-point.debug.xcconfig */ = {isa = PBXFileReference; includeInIndex = 1; lastKnownFileType = text.xcconfig; name = "Pods-taxi-app-taxi-end-point.debug.xcconfig"; path = "Pods/Target Support Files/Pods-taxi-app-taxi-end-point/Pods-taxi-app-taxi-end-point.debug.xcconfig"; sourceTree = "<group>"; };
		D217CBA11F94006100BBBE82 /* Services.swift */ = {isa = PBXFileReference; lastKnownFileType = sourcecode.swift; path = Services.swift; sourceTree = "<group>"; };
		D290C0361F92C039002BEEB6 /* taxi-app-taxi-end-point.app */ = {isa = PBXFileReference; explicitFileType = wrapper.application; includeInIndex = 0; path = "taxi-app-taxi-end-point.app"; sourceTree = BUILT_PRODUCTS_DIR; };
		D290C0391F92C039002BEEB6 /* AppDelegate.swift */ = {isa = PBXFileReference; lastKnownFileType = sourcecode.swift; path = AppDelegate.swift; sourceTree = "<group>"; };
		D290C0401F92C039002BEEB6 /* Assets.xcassets */ = {isa = PBXFileReference; lastKnownFileType = folder.assetcatalog; path = Assets.xcassets; sourceTree = "<group>"; };
		D290C0451F92C039002BEEB6 /* Info.plist */ = {isa = PBXFileReference; lastKnownFileType = text.plist.xml; path = Info.plist; sourceTree = "<group>"; };
		D290C0641F92C327002BEEB6 /* HomeViewController.swift */ = {isa = PBXFileReference; lastKnownFileType = sourcecode.swift; path = HomeViewController.swift; sourceTree = "<group>"; };
		D290C0661F92C327002BEEB6 /* LoginViewController.swift */ = {isa = PBXFileReference; lastKnownFileType = sourcecode.swift; path = LoginViewController.swift; sourceTree = "<group>"; };
		D290C0681F92C327002BEEB6 /* RegisterViewController.swift */ = {isa = PBXFileReference; lastKnownFileType = sourcecode.swift; path = RegisterViewController.swift; sourceTree = "<group>"; };
		D290C06A1F92C327002BEEB6 /* Home.storyboard */ = {isa = PBXFileReference; lastKnownFileType = file.storyboard; path = Home.storyboard; sourceTree = "<group>"; };
		D290C06B1F92C327002BEEB6 /* Launcher.storyboard */ = {isa = PBXFileReference; lastKnownFileType = file.storyboard; path = Launcher.storyboard; sourceTree = "<group>"; };
		D290C06C1F92C327002BEEB6 /* Login.storyboard */ = {isa = PBXFileReference; lastKnownFileType = file.storyboard; path = Login.storyboard; sourceTree = "<group>"; };
		D290C06D1F92C327002BEEB6 /* Register.storyboard */ = {isa = PBXFileReference; lastKnownFileType = file.storyboard; path = Register.storyboard; sourceTree = "<group>"; };
		D2B865B41F94083700A2A7F2 /* TypeOfUser.swift */ = {isa = PBXFileReference; lastKnownFileType = sourcecode.swift; path = TypeOfUser.swift; sourceTree = "<group>"; };
		D2B865B61F9425C700A2A7F2 /* Session.swift */ = {isa = PBXFileReference; lastKnownFileType = sourcecode.swift; path = Session.swift; sourceTree = "<group>"; };
		D2B865B81F9425E800A2A7F2 /* Taxi.swift */ = {isa = PBXFileReference; lastKnownFileType = sourcecode.swift; path = Taxi.swift; sourceTree = "<group>"; };
		D2E56ECE1F9C13B0007A2598 /* SocketClient.swift */ = {isa = PBXFileReference; lastKnownFileType = sourcecode.swift; path = SocketClient.swift; sourceTree = "<group>"; };
		D2E56ED01F9D700D007A2598 /* ConnectionStatus.swift */ = {isa = PBXFileReference; lastKnownFileType = sourcecode.swift; path = ConnectionStatus.swift; sourceTree = "<group>"; };
		D2E56ED21F9D7832007A2598 /* CoreLocation.framework */ = {isa = PBXFileReference; lastKnownFileType = wrapper.framework; name = CoreLocation.framework; path = System/Library/Frameworks/CoreLocation.framework; sourceTree = SDKROOT; };
/* End PBXFileReference section */

/* Begin PBXFrameworksBuildPhase section */
		D290C0331F92C039002BEEB6 /* Frameworks */ = {
			isa = PBXFrameworksBuildPhase;
			buildActionMask = 2147483647;
			files = (
				D2E56ED31F9D7832007A2598 /* CoreLocation.framework in Frameworks */,
				49840B9AF364089E5AC56A93 /* Pods_taxi_app_taxi_end_point.framework in Frameworks */,
			);
			runOnlyForDeploymentPostprocessing = 0;
		};
/* End PBXFrameworksBuildPhase section */

/* Begin PBXGroup section */
		6C80F9539903546F974AE0E7 /* Pods */ = {
			isa = PBXGroup;
			children = (
				AEEBD02B86846543F8654E2F /* Pods-taxi-app-taxi-end-point.debug.xcconfig */,
				98C8E161E5C4A4EA5DEF482B /* Pods-taxi-app-taxi-end-point.release.xcconfig */,
			);
			name = Pods;
			sourceTree = "<group>";
		};
		9B3130AD405E99F8892D2ED8 /* Frameworks */ = {
			isa = PBXGroup;
			children = (
				D2E56ED21F9D7832007A2598 /* CoreLocation.framework */,
				25712CA63EC9FF230773AFDF /* Pods_taxi_app_taxi_end_point.framework */,
			);
			name = Frameworks;
			sourceTree = "<group>";
		};
		D217CB9F1F93FF4600BBBE82 /* Network */ = {
			isa = PBXGroup;
			children = (
				D217CBA11F94006100BBBE82 /* Services.swift */,
				D2E56ECE1F9C13B0007A2598 /* SocketClient.swift */,
			);
			path = Network;
			sourceTree = "<group>";
		};
		D217CBA01F93FF5800BBBE82 /* Model */ = {
			isa = PBXGroup;
			children = (
				D2B865B41F94083700A2A7F2 /* TypeOfUser.swift */,
				D2B865B61F9425C700A2A7F2 /* Session.swift */,
				D2B865B81F9425E800A2A7F2 /* Taxi.swift */,
				D2E56ED01F9D700D007A2598 /* ConnectionStatus.swift */,
			);
			path = Model;
			sourceTree = "<group>";
		};
		D290C02D1F92C039002BEEB6 = {
			isa = PBXGroup;
			children = (
				D290C0381F92C039002BEEB6 /* taxi-app-taxi-end-point */,
				D290C0371F92C039002BEEB6 /* Products */,
				6C80F9539903546F974AE0E7 /* Pods */,
				9B3130AD405E99F8892D2ED8 /* Frameworks */,
			);
			sourceTree = "<group>";
		};
		D290C0371F92C039002BEEB6 /* Products */ = {
			isa = PBXGroup;
			children = (
				D290C0361F92C039002BEEB6 /* taxi-app-taxi-end-point.app */,
			);
			name = Products;
			sourceTree = "<group>";
		};
		D290C0381F92C039002BEEB6 /* taxi-app-taxi-end-point */ = {
			isa = PBXGroup;
			children = (
				D217CBA01F93FF5800BBBE82 /* Model */,
				D217CB9F1F93FF4600BBBE82 /* Network */,
				D290C0621F92C327002BEEB6 /* Controllers */,
				D290C0691F92C327002BEEB6 /* Storyboards */,
				D290C0391F92C039002BEEB6 /* AppDelegate.swift */,
				D290C0401F92C039002BEEB6 /* Assets.xcassets */,
				D290C0451F92C039002BEEB6 /* Info.plist */,
			);
			path = "taxi-app-taxi-end-point";
			sourceTree = "<group>";
		};
		D290C0621F92C327002BEEB6 /* Controllers */ = {
			isa = PBXGroup;
			children = (
				D290C0631F92C327002BEEB6 /* Home */,
				D290C0651F92C327002BEEB6 /* Login */,
				D290C0671F92C327002BEEB6 /* Register */,
			);
			path = Controllers;
			sourceTree = SOURCE_ROOT;
		};
		D290C0631F92C327002BEEB6 /* Home */ = {
			isa = PBXGroup;
			children = (
				D290C0641F92C327002BEEB6 /* HomeViewController.swift */,
			);
			path = Home;
			sourceTree = "<group>";
		};
		D290C0651F92C327002BEEB6 /* Login */ = {
			isa = PBXGroup;
			children = (
				D290C0661F92C327002BEEB6 /* LoginViewController.swift */,
			);
			path = Login;
			sourceTree = "<group>";
		};
		D290C0671F92C327002BEEB6 /* Register */ = {
			isa = PBXGroup;
			children = (
				D290C0681F92C327002BEEB6 /* RegisterViewController.swift */,
			);
			path = Register;
			sourceTree = "<group>";
		};
		D290C0691F92C327002BEEB6 /* Storyboards */ = {
			isa = PBXGroup;
			children = (
				D290C06A1F92C327002BEEB6 /* Home.storyboard */,
				D290C06B1F92C327002BEEB6 /* Launcher.storyboard */,
				D290C06C1F92C327002BEEB6 /* Login.storyboard */,
				D290C06D1F92C327002BEEB6 /* Register.storyboard */,
			);
			path = Storyboards;
			sourceTree = SOURCE_ROOT;
		};
/* End PBXGroup section */

/* Begin PBXNativeTarget section */
		D290C0351F92C039002BEEB6 /* taxi-app-taxi-end-point */ = {
			isa = PBXNativeTarget;
			buildConfigurationList = D290C0481F92C039002BEEB6 /* Build configuration list for PBXNativeTarget "taxi-app-taxi-end-point" */;
			buildPhases = (
				13051983CFC6D1549B0FC7F8 /* [CP] Check Pods Manifest.lock */,
				D290C0321F92C039002BEEB6 /* Sources */,
				D290C0331F92C039002BEEB6 /* Frameworks */,
				D290C0341F92C039002BEEB6 /* Resources */,
				10A2AB429E8F335C849EFF68 /* [CP] Embed Pods Frameworks */,
				498487C7CFF56D06904F1E4A /* [CP] Copy Pods Resources */,
			);
			buildRules = (
			);
			dependencies = (
			);
			name = "taxi-app-taxi-end-point";
			productName = "taxi-app-taxi-end-point";
			productReference = D290C0361F92C039002BEEB6 /* taxi-app-taxi-end-point.app */;
			productType = "com.apple.product-type.application";
		};
/* End PBXNativeTarget section */

/* Begin PBXProject section */
		D290C02E1F92C039002BEEB6 /* Project object */ = {
			isa = PBXProject;
			attributes = {
				LastSwiftUpdateCheck = 0900;
				LastUpgradeCheck = 0900;
				ORGANIZATIONNAME = zcrome;
				TargetAttributes = {
					D290C0351F92C039002BEEB6 = {
						CreatedOnToolsVersion = 9.0;
						ProvisioningStyle = Automatic;
					};
				};
			};
			buildConfigurationList = D290C0311F92C039002BEEB6 /* Build configuration list for PBXProject "taxi-app-taxi-end-point" */;
			compatibilityVersion = "Xcode 8.0";
			developmentRegion = en;
			hasScannedForEncodings = 0;
			knownRegions = (
				en,
				Base,
			);
			mainGroup = D290C02D1F92C039002BEEB6;
			productRefGroup = D290C0371F92C039002BEEB6 /* Products */;
			projectDirPath = "";
			projectRoot = "";
			targets = (
				D290C0351F92C039002BEEB6 /* taxi-app-taxi-end-point */,
			);
		};
/* End PBXProject section */

/* Begin PBXResourcesBuildPhase section */
		D290C0341F92C039002BEEB6 /* Resources */ = {
			isa = PBXResourcesBuildPhase;
			buildActionMask = 2147483647;
			files = (
				D290C0411F92C039002BEEB6 /* Assets.xcassets in Resources */,
				D290C0701F92C581002BEEB6 /* Login.storyboard in Resources */,
				D290C0731F92C59E002BEEB6 /* Home.storyboard in Resources */,
				D290C0721F92C59B002BEEB6 /* Launcher.storyboard in Resources */,
				D290C0711F92C593002BEEB6 /* Register.storyboard in Resources */,
			);
			runOnlyForDeploymentPostprocessing = 0;
		};
/* End PBXResourcesBuildPhase section */

/* Begin PBXShellScriptBuildPhase section */
		10A2AB429E8F335C849EFF68 /* [CP] Embed Pods Frameworks */ = {
			isa = PBXShellScriptBuildPhase;
			buildActionMask = 2147483647;
			files = (
			);
			inputPaths = (
			);
			name = "[CP] Embed Pods Frameworks";
			outputPaths = (
			);
			runOnlyForDeploymentPostprocessing = 0;
			shellPath = /bin/sh;
			shellScript = "\"${SRCROOT}/Pods/Target Support Files/Pods-taxi-app-taxi-end-point/Pods-taxi-app-taxi-end-point-frameworks.sh\"\n";
			showEnvVarsInLog = 0;
		};
		13051983CFC6D1549B0FC7F8 /* [CP] Check Pods Manifest.lock */ = {
			isa = PBXShellScriptBuildPhase;
			buildActionMask = 2147483647;
			files = (
			);
			inputPaths = (
			);
			name = "[CP] Check Pods Manifest.lock";
			outputPaths = (
			);
			runOnlyForDeploymentPostprocessing = 0;
			shellPath = /bin/sh;
			shellScript = "diff \"${PODS_ROOT}/../Podfile.lock\" \"${PODS_ROOT}/Manifest.lock\" > /dev/null\nif [ $? != 0 ] ; then\n    # print error to STDERR\n    echo \"error: The sandbox is not in sync with the Podfile.lock. Run 'pod install' or update your CocoaPods installation.\" >&2\n    exit 1\nfi\n";
			showEnvVarsInLog = 0;
		};
		498487C7CFF56D06904F1E4A /* [CP] Copy Pods Resources */ = {
			isa = PBXShellScriptBuildPhase;
			buildActionMask = 2147483647;
			files = (
			);
			inputPaths = (
			);
			name = "[CP] Copy Pods Resources";
			outputPaths = (
			);
			runOnlyForDeploymentPostprocessing = 0;
			shellPath = /bin/sh;
			shellScript = "\"${SRCROOT}/Pods/Target Support Files/Pods-taxi-app-taxi-end-point/Pods-taxi-app-taxi-end-point-resources.sh\"\n";
			showEnvVarsInLog = 0;
		};
/* End PBXShellScriptBuildPhase section */

/* Begin PBXSourcesBuildPhase section */
		D290C0321F92C039002BEEB6 /* Sources */ = {
			isa = PBXSourcesBuildPhase;
			buildActionMask = 2147483647;
			files = (
				D2B865B71F9425C700A2A7F2 /* Session.swift in Sources */,
				D2E56ED11F9D700D007A2598 /* ConnectionStatus.swift in Sources */,
				D2B865B31F94060600A2A7F2 /* HomeViewController.swift in Sources */,
				D2B865B51F94083700A2A7F2 /* TypeOfUser.swift in Sources */,
				D2B865B91F9425E800A2A7F2 /* Taxi.swift in Sources */,
				D2B865B11F9405FE00A2A7F2 /* LoginViewController.swift in Sources */,
				D2E56ECF1F9C13B0007A2598 /* SocketClient.swift in Sources */,
				D290C03A1F92C039002BEEB6 /* AppDelegate.swift in Sources */,
				D217CBA21F94006100BBBE82 /* Services.swift in Sources */,
				D2B865B21F94060200A2A7F2 /* RegisterViewController.swift in Sources */,
			);
			runOnlyForDeploymentPostprocessing = 0;
		};
/* End PBXSourcesBuildPhase section */

/* Begin XCBuildConfiguration section */
		D290C0461F92C039002BEEB6 /* Debug */ = {
			isa = XCBuildConfiguration;
			buildSettings = {
				ALWAYS_SEARCH_USER_PATHS = NO;
				CLANG_ANALYZER_NONNULL = YES;
				CLANG_ANALYZER_NUMBER_OBJECT_CONVERSION = YES_AGGRESSIVE;
				CLANG_CXX_LANGUAGE_STANDARD = "gnu++14";
				CLANG_CXX_LIBRARY = "libc++";
				CLANG_ENABLE_MODULES = YES;
				CLANG_ENABLE_OBJC_ARC = YES;
				CLANG_WARN_BLOCK_CAPTURE_AUTORELEASING = YES;
				CLANG_WARN_BOOL_CONVERSION = YES;
				CLANG_WARN_COMMA = YES;
				CLANG_WARN_CONSTANT_CONVERSION = YES;
				CLANG_WARN_DIRECT_OBJC_ISA_USAGE = YES_ERROR;
				CLANG_WARN_DOCUMENTATION_COMMENTS = YES;
				CLANG_WARN_EMPTY_BODY = YES;
				CLANG_WARN_ENUM_CONVERSION = YES;
				CLANG_WARN_INFINITE_RECURSION = YES;
				CLANG_WARN_INT_CONVERSION = YES;
				CLANG_WARN_NON_LITERAL_NULL_CONVERSION = YES;
				CLANG_WARN_OBJC_LITERAL_CONVERSION = YES;
				CLANG_WARN_OBJC_ROOT_CLASS = YES_ERROR;
				CLANG_WARN_RANGE_LOOP_ANALYSIS = YES;
				CLANG_WARN_STRICT_PROTOTYPES = YES;
				CLANG_WARN_SUSPICIOUS_MOVE = YES;
				CLANG_WARN_UNGUARDED_AVAILABILITY = YES_AGGRESSIVE;
				CLANG_WARN_UNREACHABLE_CODE = YES;
				CLANG_WARN__DUPLICATE_METHOD_MATCH = YES;
				CODE_SIGN_IDENTITY = "iPhone Developer";
				COPY_PHASE_STRIP = NO;
				DEBUG_INFORMATION_FORMAT = dwarf;
				ENABLE_STRICT_OBJC_MSGSEND = YES;
				ENABLE_TESTABILITY = YES;
				GCC_C_LANGUAGE_STANDARD = gnu11;
				GCC_DYNAMIC_NO_PIC = NO;
				GCC_NO_COMMON_BLOCKS = YES;
				GCC_OPTIMIZATION_LEVEL = 0;
				GCC_PREPROCESSOR_DEFINITIONS = (
					"DEBUG=1",
					"$(inherited)",
				);
				GCC_WARN_64_TO_32_BIT_CONVERSION = YES;
				GCC_WARN_ABOUT_RETURN_TYPE = YES_ERROR;
				GCC_WARN_UNDECLARED_SELECTOR = YES;
				GCC_WARN_UNINITIALIZED_AUTOS = YES_AGGRESSIVE;
				GCC_WARN_UNUSED_FUNCTION = YES;
				GCC_WARN_UNUSED_VARIABLE = YES;
				IPHONEOS_DEPLOYMENT_TARGET = 11.0;
				MTL_ENABLE_DEBUG_INFO = YES;
				ONLY_ACTIVE_ARCH = YES;
				SDKROOT = iphoneos;
				SWIFT_ACTIVE_COMPILATION_CONDITIONS = DEBUG;
				SWIFT_OPTIMIZATION_LEVEL = "-Onone";
			};
			name = Debug;
		};
		D290C0471F92C039002BEEB6 /* Release */ = {
			isa = XCBuildConfiguration;
			buildSettings = {
				ALWAYS_SEARCH_USER_PATHS = NO;
				CLANG_ANALYZER_NONNULL = YES;
				CLANG_ANALYZER_NUMBER_OBJECT_CONVERSION = YES_AGGRESSIVE;
				CLANG_CXX_LANGUAGE_STANDARD = "gnu++14";
				CLANG_CXX_LIBRARY = "libc++";
				CLANG_ENABLE_MODULES = YES;
				CLANG_ENABLE_OBJC_ARC = YES;
				CLANG_WARN_BLOCK_CAPTURE_AUTORELEASING = YES;
				CLANG_WARN_BOOL_CONVERSION = YES;
				CLANG_WARN_COMMA = YES;
				CLANG_WARN_CONSTANT_CONVERSION = YES;
				CLANG_WARN_DIRECT_OBJC_ISA_USAGE = YES_ERROR;
				CLANG_WARN_DOCUMENTATION_COMMENTS = YES;
				CLANG_WARN_EMPTY_BODY = YES;
				CLANG_WARN_ENUM_CONVERSION = YES;
				CLANG_WARN_INFINITE_RECURSION = YES;
				CLANG_WARN_INT_CONVERSION = YES;
				CLANG_WARN_NON_LITERAL_NULL_CONVERSION = YES;
				CLANG_WARN_OBJC_LITERAL_CONVERSION = YES;
				CLANG_WARN_OBJC_ROOT_CLASS = YES_ERROR;
				CLANG_WARN_RANGE_LOOP_ANALYSIS = YES;
				CLANG_WARN_STRICT_PROTOTYPES = YES;
				CLANG_WARN_SUSPICIOUS_MOVE = YES;
				CLANG_WARN_UNGUARDED_AVAILABILITY = YES_AGGRESSIVE;
				CLANG_WARN_UNREACHABLE_CODE = YES;
				CLANG_WARN__DUPLICATE_METHOD_MATCH = YES;
				CODE_SIGN_IDENTITY = "iPhone Developer";
				COPY_PHASE_STRIP = NO;
				DEBUG_INFORMATION_FORMAT = "dwarf-with-dsym";
				ENABLE_NS_ASSERTIONS = NO;
				ENABLE_STRICT_OBJC_MSGSEND = YES;
				GCC_C_LANGUAGE_STANDARD = gnu11;
				GCC_NO_COMMON_BLOCKS = YES;
				GCC_WARN_64_TO_32_BIT_CONVERSION = YES;
				GCC_WARN_ABOUT_RETURN_TYPE = YES_ERROR;
				GCC_WARN_UNDECLARED_SELECTOR = YES;
				GCC_WARN_UNINITIALIZED_AUTOS = YES_AGGRESSIVE;
				GCC_WARN_UNUSED_FUNCTION = YES;
				GCC_WARN_UNUSED_VARIABLE = YES;
				IPHONEOS_DEPLOYMENT_TARGET = 11.0;
				MTL_ENABLE_DEBUG_INFO = NO;
				SDKROOT = iphoneos;
				SWIFT_OPTIMIZATION_LEVEL = "-Owholemodule";
				VALIDATE_PRODUCT = YES;
			};
			name = Release;
		};
		D290C0491F92C039002BEEB6 /* Debug */ = {
			isa = XCBuildConfiguration;
			baseConfigurationReference = AEEBD02B86846543F8654E2F /* Pods-taxi-app-taxi-end-point.debug.xcconfig */;
			buildSettings = {
				ASSETCATALOG_COMPILER_APPICON_NAME = AppIcon;
				CODE_SIGN_STYLE = Automatic;
				DEVELOPMENT_TEAM = ED5F6DV8X9;
				INFOPLIST_FILE = "taxi-app-taxi-end-point/Info.plist";
				IPHONEOS_DEPLOYMENT_TARGET = 10.0;
				LD_RUNPATH_SEARCH_PATHS = "$(inherited) @executable_path/Frameworks";
				PRODUCT_BUNDLE_IDENTIFIER = "zcrome.me.taxi-app-taxi-end-point";
				PRODUCT_NAME = "$(TARGET_NAME)";
				SWIFT_VERSION = 4.0;
				TARGETED_DEVICE_FAMILY = "1,2";
			};
			name = Debug;
		};
		D290C04A1F92C039002BEEB6 /* Release */ = {
			isa = XCBuildConfiguration;
			baseConfigurationReference = 98C8E161E5C4A4EA5DEF482B /* Pods-taxi-app-taxi-end-point.release.xcconfig */;
			buildSettings = {
				ASSETCATALOG_COMPILER_APPICON_NAME = AppIcon;
				CODE_SIGN_STYLE = Automatic;
				DEVELOPMENT_TEAM = ED5F6DV8X9;
				INFOPLIST_FILE = "taxi-app-taxi-end-point/Info.plist";
				IPHONEOS_DEPLOYMENT_TARGET = 10.0;
				LD_RUNPATH_SEARCH_PATHS = "$(inherited) @executable_path/Frameworks";
				PRODUCT_BUNDLE_IDENTIFIER = "zcrome.me.taxi-app-taxi-end-point";
				PRODUCT_NAME = "$(TARGET_NAME)";
				SWIFT_VERSION = 4.0;
				TARGETED_DEVICE_FAMILY = "1,2";
			};
			name = Release;
		};
/* End XCBuildConfiguration section */

/* Begin XCConfigurationList section */
		D290C0311F92C039002BEEB6 /* Build configuration list for PBXProject "taxi-app-taxi-end-point" */ = {
			isa = XCConfigurationList;
			buildConfigurations = (
				D290C0461F92C039002BEEB6 /* Debug */,
				D290C0471F92C039002BEEB6 /* Release */,
			);
			defaultConfigurationIsVisible = 0;
			defaultConfigurationName = Release;
		};
		D290C0481F92C039002BEEB6 /* Build configuration list for PBXNativeTarget "taxi-app-taxi-end-point" */ = {
			isa = XCConfigurationList;
			buildConfigurations = (
				D290C0491F92C039002BEEB6 /* Debug */,
				D290C04A1F92C039002BEEB6 /* Release */,
			);
			defaultConfigurationIsVisible = 0;
			defaultConfigurationName = Release;
		};
/* End XCConfigurationList section */
	};
	rootObject = D290C02E1F92C039002BEEB6 /* Project object */;
}
